{
  "version": 4,
  "terraform_version": "1.0.8",
  "serial": 414,
  "lineage": "ca15ee04-d51a-fdb0-3917-2cf2a6c1b811",
  "outputs": {
    "vpc-id": {
      "value": "vpc-0e48595f369e48160",
      "type": "string"
    }
  },
  "resources": [
    {
      "mode": "data",
      "type": "aws_instances",
      "name": "test",
      "provider": "provider[\"registry.terraform.io/hashicorp/aws\"]",
      "instances": [
        {
          "schema_version": 0,
          "attributes": {
            "filter": null,
            "id": "ap-northeast-2",
            "ids": [
              "i-0b4ce978182342a51"
            ],
            "instance_state_names": null,
            "instance_tags": {
              "Name": "web-*"
            },
            "private_ips": [
              "192.168.0.11"
            ],
            "public_ips": [
              "13.125.23.195"
            ]
          },
          "sensitive_attributes": []
        }
      ]
    },
    {
      "mode": "managed",
      "type": "aws_db_instance",
      "name": "jhlee_db",
      "provider": "provider[\"registry.terraform.io/hashicorp/aws\"]",
      "instances": [
        {
          "schema_version": 1,
          "attributes": {
            "address": "terraform-20211018051608389500000001.cyztriv31e9o.ap-northeast-2.rds.amazonaws.com",
            "allocated_storage": 10,
            "allow_major_version_upgrade": null,
            "apply_immediately": null,
            "arn": "arn:aws:rds:ap-northeast-2:164134553042:db:terraform-20211018051608389500000001",
            "auto_minor_version_upgrade": true,
            "availability_zone": "ap-northeast-2c",
            "backup_retention_period": 0,
            "backup_window": "16:19-16:49",
            "ca_cert_identifier": "rds-ca-2019",
            "character_set_name": "",
            "copy_tags_to_snapshot": false,
            "customer_owned_ip_enabled": false,
            "db_subnet_group_name": "jhlee_db_subnet_group",
            "delete_automated_backups": true,
            "deletion_protection": false,
            "domain": "",
            "domain_iam_role_name": "",
            "enabled_cloudwatch_logs_exports": [],
            "endpoint": "terraform-20211018051608389500000001.cyztriv31e9o.ap-northeast-2.rds.amazonaws.com:3306",
            "engine": "mysql",
            "engine_version": "5.7",
            "engine_version_actual": "5.7.33",
            "final_snapshot_identifier": null,
            "hosted_zone_id": "ZLA2NUCOLGUUR",
            "iam_database_authentication_enabled": false,
            "id": "terraform-20211018051608389500000001",
            "identifier": "terraform-20211018051608389500000001",
            "identifier_prefix": null,
            "instance_class": "db.t3.micro",
            "iops": 0,
            "kms_key_id": "",
            "latest_restorable_time": "0001-01-01T00:00:00Z",
            "license_model": "general-public-license",
            "maintenance_window": "sat:19:53-sat:20:23",
            "max_allocated_storage": 0,
            "monitoring_interval": 0,
            "monitoring_role_arn": "",
            "multi_az": false,
            "name": "wordpress",
            "nchar_character_set_name": "",
            "option_group_name": "default:mysql-5-7",
            "parameter_group_name": "default.mysql5.7",
            "password": "It12345!",
            "performance_insights_enabled": false,
            "performance_insights_kms_key_id": "",
            "performance_insights_retention_period": 0,
            "port": 3306,
            "publicly_accessible": false,
            "replica_mode": "",
            "replicas": [],
            "replicate_source_db": "",
            "resource_id": "db-IDHN4CQ4LFA4GY3AEZGRFR33WM",
            "restore_to_point_in_time": [],
            "s3_import": [],
            "security_group_names": [],
            "skip_final_snapshot": true,
            "snapshot_identifier": null,
            "status": "available",
            "storage_encrypted": false,
            "storage_type": "gp2",
            "tags": {
              "name": "jhlee_db"
            },
            "tags_all": {
              "name": "jhlee_db"
            },
            "timeouts": null,
            "timezone": "",
            "username": "wordpress",
            "vpc_security_group_ids": [
              "sg-0f0334c01ddaae3f3"
            ]
          },
          "sensitive_attributes": [],
          "private": "eyJlMmJmYjczMC1lY2FhLTExZTYtOGY4OC0zNDM2M2JjN2M0YzAiOnsiY3JlYXRlIjoyNDAwMDAwMDAwMDAwLCJkZWxldGUiOjM2MDAwMDAwMDAwMDAsInVwZGF0ZSI6NDgwMDAwMDAwMDAwMH0sInNjaGVtYV92ZXJzaW9uIjoiMSJ9",
          "dependencies": [
            "aws_db_subnet_group.jhlee_database",
            "aws_security_group.jhlee_allow_mysql",
            "aws_subnet.jhlee_pria",
            "aws_subnet.jhlee_pric",
            "aws_subnet.jhlee_puba",
            "aws_vpc.jhlee_vpc"
          ]
        }
      ]
    },
    {
      "mode": "managed",
      "type": "aws_db_subnet_group",
      "name": "jhlee_database",
      "provider": "provider[\"registry.terraform.io/hashicorp/aws\"]",
      "instances": [
        {
          "schema_version": 0,
          "attributes": {
            "arn": "arn:aws:rds:ap-northeast-2:164134553042:subgrp:jhlee_db_subnet_group",
            "description": "Managed by Terraform",
            "id": "jhlee_db_subnet_group",
            "name": "jhlee_db_subnet_group",
            "name_prefix": null,
            "subnet_ids": [
              "subnet-0d7cba323c11699df",
              "subnet-0f37bffc3499a8aed"
            ],
            "tags": {},
            "tags_all": {}
          },
          "sensitive_attributes": [],
          "private": "bnVsbA==",
          "dependencies": [
            "aws_subnet.jhlee_pria",
            "aws_subnet.jhlee_pric",
            "aws_vpc.jhlee_vpc"
          ]
        }
      ]
    },
    {
      "mode": "managed",
      "type": "aws_eip",
      "name": "jhlee_eip1_pria",
      "provider": "provider[\"registry.terraform.io/hashicorp/aws\"]",
      "instances": [
        {
          "schema_version": 0,
          "attributes": {
            "address": null,
            "allocation_id": null,
            "associate_with_private_ip": null,
            "association_id": "eipassoc-0f9f0ab0846c98851",
            "carrier_ip": "",
            "customer_owned_ip": "",
            "customer_owned_ipv4_pool": "",
            "domain": "vpc",
            "id": "eipalloc-073aae25b64d3af53",
            "instance": "",
            "network_border_group": "ap-northeast-2",
            "network_interface": "eni-0a59d1e0776ed4d6d",
            "private_dns": "ip-192-168-0-148.ap-northeast-2.compute.internal",
            "private_ip": "192.168.0.148",
            "public_dns": "ec2-15-165-226-189.ap-northeast-2.compute.amazonaws.com",
            "public_ip": "15.165.226.189",
            "public_ipv4_pool": "amazon",
            "tags": {},
            "tags_all": {},
            "timeouts": null,
            "vpc": true
          },
          "sensitive_attributes": [],
          "private": "eyJlMmJmYjczMC1lY2FhLTExZTYtOGY4OC0zNDM2M2JjN2M0YzAiOnsiZGVsZXRlIjoxODAwMDAwMDAwMDAsInJlYWQiOjkwMDAwMDAwMDAwMCwidXBkYXRlIjozMDAwMDAwMDAwMDB9fQ=="
        }
      ]
    },
    {
      "mode": "managed",
      "type": "aws_eip",
      "name": "jhlee_eip1_pric",
      "provider": "provider[\"registry.terraform.io/hashicorp/aws\"]",
      "instances": [
        {
          "schema_version": 0,
          "attributes": {
            "address": null,
            "allocation_id": null,
            "associate_with_private_ip": null,
            "association_id": "eipassoc-0c34ce016dcaddaf3",
            "carrier_ip": "",
            "customer_owned_ip": "",
            "customer_owned_ipv4_pool": "",
            "domain": "vpc",
            "id": "eipalloc-0f5f757007dbc11c0",
            "instance": "",
            "network_border_group": "ap-northeast-2",
            "network_interface": "eni-0f0c7d19c34393155",
            "private_dns": "ip-192-168-2-230.ap-northeast-2.compute.internal",
            "private_ip": "192.168.2.230",
            "public_dns": "ec2-13-124-76-146.ap-northeast-2.compute.amazonaws.com",
            "public_ip": "13.124.76.146",
            "public_ipv4_pool": "amazon",
            "tags": {},
            "tags_all": {},
            "timeouts": null,
            "vpc": true
          },
          "sensitive_attributes": [],
          "private": "eyJlMmJmYjczMC1lY2FhLTExZTYtOGY4OC0zNDM2M2JjN2M0YzAiOnsiZGVsZXRlIjoxODAwMDAwMDAwMDAsInJlYWQiOjkwMDAwMDAwMDAwMCwidXBkYXRlIjozMDAwMDAwMDAwMDB9fQ=="
        }
      ]
    },
    {
      "mode": "managed",
      "type": "aws_instance",
      "name": "jhlee_web_a1",
      "provider": "provider[\"registry.terraform.io/hashicorp/aws\"]",
      "instances": [
        {
          "schema_version": 1,
          "attributes": {
            "ami": "ami-0e4a9ad2eb120e054",
            "arn": "arn:aws:ec2:ap-northeast-2:164134553042:instance/i-0180af0cb79aaf09a",
            "associate_public_ip_address": true,
            "availability_zone": "ap-northeast-2a",
            "capacity_reservation_specification": [
              {
                "capacity_reservation_preference": "open",
                "capacity_reservation_target": []
              }
            ],
            "cpu_core_count": 1,
            "cpu_threads_per_core": 1,
            "credit_specification": [
              {
                "cpu_credits": "standard"
              }
            ],
            "disable_api_termination": false,
            "ebs_block_device": [],
            "ebs_optimized": false,
            "enclave_options": [
              {
                "enabled": false
              }
            ],
            "ephemeral_block_device": [],
            "get_password_data": false,
            "hibernation": false,
            "host_id": null,
            "iam_instance_profile": "",
            "id": "i-0180af0cb79aaf09a",
            "instance_initiated_shutdown_behavior": "stop",
            "instance_state": "running",
            "instance_type": "t2.micro",
            "ipv6_address_count": 0,
            "ipv6_addresses": [],
            "key_name": "tf-key-pair-cli",
            "launch_template": [],
            "metadata_options": [
              {
                "http_endpoint": "enabled",
                "http_put_response_hop_limit": 1,
                "http_tokens": "optional"
              }
            ],
            "monitoring": false,
            "network_interface": [],
            "outpost_arn": "",
            "password_data": "",
            "placement_group": "",
            "placement_partition_number": null,
            "primary_network_interface_id": "eni-0d0eadb859ce271a6",
            "private_dns": "ip-192-168-0-11.ap-northeast-2.compute.internal",
            "private_ip": "192.168.0.11",
            "public_dns": "",
            "public_ip": "3.36.109.81",
            "root_block_device": [
              {
                "delete_on_termination": true,
                "device_name": "/dev/xvda",
                "encrypted": false,
                "iops": 100,
                "kms_key_id": "",
                "tags": {},
                "throughput": 0,
                "volume_id": "vol-081a98c6a08f9cea7",
                "volume_size": 8,
                "volume_type": "gp2"
              }
            ],
            "secondary_private_ips": [],
            "security_groups": [
              "sg-0552468eab151b0b1"
            ],
            "source_dest_check": true,
            "subnet_id": "subnet-04acab39d6fbb37c3",
            "tags": {
              "Name": "web-a1"
            },
            "tags_all": {
              "Name": "web-a1"
            },
            "tenancy": "default",
            "timeouts": null,
            "user_data": "055076bbacc61c935b9173e6b3e9965753764200",
            "user_data_base64": null,
            "volume_tags": null,
            "vpc_security_group_ids": [
              "sg-0552468eab151b0b1"
            ]
          },
          "sensitive_attributes": [],
          "private": "eyJlMmJmYjczMC1lY2FhLTExZTYtOGY4OC0zNDM2M2JjN2M0YzAiOnsiY3JlYXRlIjo2MDAwMDAwMDAwMDAsImRlbGV0ZSI6MTIwMDAwMDAwMDAwMCwidXBkYXRlIjo2MDAwMDAwMDAwMDB9LCJzY2hlbWFfdmVyc2lvbiI6IjEifQ==",
          "dependencies": [
            "aws_security_group.jhlee_allow_http",
            "aws_subnet.jhlee_puba"
          ]
        }
      ]
    },
    {
      "mode": "managed",
      "type": "aws_internet_gateway",
      "name": "jhlee_ig",
      "provider": "provider[\"registry.terraform.io/hashicorp/aws\"]",
      "instances": [
        {
          "schema_version": 0,
          "attributes": {
            "arn": "arn:aws:ec2:ap-northeast-2:164134553042:internet-gateway/igw-06390f44ee60018f6",
            "id": "igw-06390f44ee60018f6",
            "owner_id": "164134553042",
            "tags": {
              "Name": "jhlee-ig"
            },
            "tags_all": {
              "Name": "jhlee-ig"
            },
            "vpc_id": "vpc-0e48595f369e48160"
          },
          "sensitive_attributes": [],
          "private": "bnVsbA==",
          "dependencies": [
            "aws_vpc.jhlee_vpc"
          ]
        }
      ]
    },
    {
      "mode": "managed",
      "type": "aws_lb",
      "name": "jhlee_lb",
      "provider": "provider[\"registry.terraform.io/hashicorp/aws\"]",
      "instances": [
        {
          "schema_version": 0,
          "attributes": {
            "access_logs": [
              {
                "bucket": "",
                "enabled": false,
                "prefix": ""
              }
            ],
            "arn": "arn:aws:elasticloadbalancing:ap-northeast-2:164134553042:loadbalancer/app/jhlee-lb/e2af74aab0b351fa",
            "arn_suffix": "app/jhlee-lb/e2af74aab0b351fa",
            "customer_owned_ipv4_pool": "",
            "dns_name": "jhlee-lb-367158321.ap-northeast-2.elb.amazonaws.com",
            "drop_invalid_header_fields": false,
            "enable_cross_zone_load_balancing": null,
            "enable_deletion_protection": false,
            "enable_http2": true,
            "id": "arn:aws:elasticloadbalancing:ap-northeast-2:164134553042:loadbalancer/app/jhlee-lb/e2af74aab0b351fa",
            "idle_timeout": 60,
            "internal": false,
            "ip_address_type": "ipv4",
            "load_balancer_type": "application",
            "name": "jhlee-lb",
            "name_prefix": null,
            "security_groups": [
              "sg-0552468eab151b0b1"
            ],
            "subnet_mapping": [
              {
                "allocation_id": "",
                "ipv6_address": "",
                "outpost_id": "",
                "private_ipv4_address": "",
                "subnet_id": "subnet-04acab39d6fbb37c3"
              },
              {
                "allocation_id": "",
                "ipv6_address": "",
                "outpost_id": "",
                "private_ipv4_address": "",
                "subnet_id": "subnet-06ab893ba4008480a"
              }
            ],
            "subnets": [
              "subnet-04acab39d6fbb37c3",
              "subnet-06ab893ba4008480a"
            ],
            "tags": {
              "Environment": "test"
            },
            "tags_all": {
              "Environment": "test"
            },
            "timeouts": null,
            "vpc_id": "vpc-0e48595f369e48160",
            "zone_id": "ZWKZPGTI48KDX"
          },
          "sensitive_attributes": [],
          "private": "eyJlMmJmYjczMC1lY2FhLTExZTYtOGY4OC0zNDM2M2JjN2M0YzAiOnsiY3JlYXRlIjo2MDAwMDAwMDAwMDAsImRlbGV0ZSI6NjAwMDAwMDAwMDAwLCJ1cGRhdGUiOjYwMDAwMDAwMDAwMH19",
          "dependencies": [
            "aws_security_group.jhlee_allow_http",
            "aws_subnet.jhlee_puba",
            "aws_subnet.jhlee_pubc",
            "aws_vpc.jhlee_vpc"
          ]
        }
      ]
    },
    {
      "mode": "managed",
      "type": "aws_lb_listener",
      "name": "jhlee_lb_front",
      "provider": "provider[\"registry.terraform.io/hashicorp/aws\"]",
      "instances": [
        {
          "schema_version": 0,
          "attributes": {
            "alpn_policy": null,
            "arn": "arn:aws:elasticloadbalancing:ap-northeast-2:164134553042:listener/app/jhlee-lb/e2af74aab0b351fa/408ce87d570e154c",
            "certificate_arn": null,
            "default_action": [
              {
                "authenticate_cognito": [],
                "authenticate_oidc": [],
                "fixed_response": [],
                "forward": [],
                "order": 1,
                "redirect": [],
                "target_group_arn": "arn:aws:elasticloadbalancing:ap-northeast-2:164134553042:targetgroup/jhlee-lb-tg/745d1f9605ac322e",
                "type": "forward"
              }
            ],
            "id": "arn:aws:elasticloadbalancing:ap-northeast-2:164134553042:listener/app/jhlee-lb/e2af74aab0b351fa/408ce87d570e154c",
            "load_balancer_arn": "arn:aws:elasticloadbalancing:ap-northeast-2:164134553042:loadbalancer/app/jhlee-lb/e2af74aab0b351fa",
            "port": 80,
            "protocol": "HTTP",
            "ssl_policy": "",
            "tags": {},
            "tags_all": {},
            "timeouts": null
          },
          "sensitive_attributes": [],
          "private": "eyJlMmJmYjczMC1lY2FhLTExZTYtOGY4OC0zNDM2M2JjN2M0YzAiOnsicmVhZCI6NjAwMDAwMDAwMDAwfX0=",
          "dependencies": [
            "aws_lb_target_group.jhlee_lb_tg",
            "aws_security_group.jhlee_allow_http",
            "aws_subnet.jhlee_puba",
            "aws_subnet.jhlee_pubc",
            "aws_vpc.jhlee_vpc",
            "aws_lb.jhlee_lb"
          ]
        }
      ]
    },
    {
      "mode": "managed",
      "type": "aws_lb_target_group",
      "name": "jhlee_lb_tg",
      "provider": "provider[\"registry.terraform.io/hashicorp/aws\"]",
      "instances": [
        {
          "schema_version": 0,
          "attributes": {
            "arn": "arn:aws:elasticloadbalancing:ap-northeast-2:164134553042:targetgroup/jhlee-lb-tg/745d1f9605ac322e",
            "arn_suffix": "targetgroup/jhlee-lb-tg/745d1f9605ac322e",
            "deregistration_delay": "300",
            "health_check": [
              {
                "enabled": true,
                "healthy_threshold": 3,
                "interval": 5,
                "matcher": "200",
                "path": "/",
                "port": "traffic-port",
                "protocol": "HTTP",
                "timeout": 2,
                "unhealthy_threshold": 2
              }
            ],
            "id": "arn:aws:elasticloadbalancing:ap-northeast-2:164134553042:targetgroup/jhlee-lb-tg/745d1f9605ac322e",
            "lambda_multi_value_headers_enabled": false,
            "load_balancing_algorithm_type": "round_robin",
            "name": "jhlee-lb-tg",
            "name_prefix": null,
            "port": 80,
            "preserve_client_ip": null,
            "protocol": "HTTP",
            "protocol_version": "HTTP1",
            "proxy_protocol_v2": false,
            "slow_start": 0,
            "stickiness": [
              {
                "cookie_duration": 86400,
                "cookie_name": "",
                "enabled": false,
                "type": "lb_cookie"
              }
            ],
            "tags": {},
            "tags_all": {},
            "target_type": "ip",
            "vpc_id": "vpc-0e48595f369e48160"
          },
          "sensitive_attributes": [],
          "private": "bnVsbA==",
          "dependencies": [
            "aws_vpc.jhlee_vpc"
          ]
        }
      ]
    },
    {
      "mode": "managed",
      "type": "aws_lb_target_group_attachment",
      "name": "jhlee_lb_tg_attach",
      "provider": "provider[\"registry.terraform.io/hashicorp/aws\"]",
      "instances": [
        {
          "schema_version": 0,
          "attributes": {
            "availability_zone": null,
            "id": "arn:aws:elasticloadbalancing:ap-northeast-2:164134553042:targetgroup/jhlee-lb-tg/745d1f9605ac322e-20211018071115643700000001",
            "port": 80,
            "target_group_arn": "arn:aws:elasticloadbalancing:ap-northeast-2:164134553042:targetgroup/jhlee-lb-tg/745d1f9605ac322e",
            "target_id": "192.168.0.11"
          },
          "sensitive_attributes": [],
          "private": "bnVsbA==",
          "dependencies": [
            "aws_lb_target_group.jhlee_lb_tg",
            "aws_vpc.jhlee_vpc",
            "data.aws_instances.test"
          ]
        }
      ]
    },
    {
      "mode": "managed",
      "type": "aws_nat_gateway",
      "name": "jhlee_ngw_pria",
      "provider": "provider[\"registry.terraform.io/hashicorp/aws\"]",
      "instances": [
        {
          "schema_version": 0,
          "attributes": {
            "allocation_id": "eipalloc-073aae25b64d3af53",
            "connectivity_type": "public",
            "id": "nat-078268ba10999637a",
            "network_interface_id": "eni-0a59d1e0776ed4d6d",
            "private_ip": "192.168.0.148",
            "public_ip": "15.165.226.189",
            "subnet_id": "subnet-04acab39d6fbb37c3",
            "tags": {
              "Name": "jhlee-ngw-pria"
            },
            "tags_all": {
              "Name": "jhlee-ngw-pria"
            }
          },
          "sensitive_attributes": [],
          "private": "bnVsbA==",
          "dependencies": [
            "aws_eip.jhlee_eip1_pria",
            "aws_subnet.jhlee_puba",
            "aws_vpc.jhlee_vpc"
          ]
        }
      ]
    },
    {
      "mode": "managed",
      "type": "aws_nat_gateway",
      "name": "jhlee_ngw_pric",
      "provider": "provider[\"registry.terraform.io/hashicorp/aws\"]",
      "instances": [
        {
          "schema_version": 0,
          "attributes": {
            "allocation_id": "eipalloc-0f5f757007dbc11c0",
            "connectivity_type": "public",
            "id": "nat-05f57feac157ed0af",
            "network_interface_id": "eni-0f0c7d19c34393155",
            "private_ip": "192.168.2.230",
            "public_ip": "13.124.76.146",
            "subnet_id": "subnet-06ab893ba4008480a",
            "tags": {
              "Name": "jhlee-ngw-pric"
            },
            "tags_all": {
              "Name": "jhlee-ngw-pric"
            }
          },
          "sensitive_attributes": [],
          "private": "bnVsbA==",
          "dependencies": [
            "aws_eip.jhlee_eip1_pric",
            "aws_subnet.jhlee_pubc",
            "aws_vpc.jhlee_vpc"
          ]
        }
      ]
    },
    {
      "mode": "managed",
      "type": "aws_route_table",
      "name": "jhlee_natrt_pria",
      "provider": "provider[\"registry.terraform.io/hashicorp/aws\"]",
      "instances": [
        {
          "schema_version": 0,
          "attributes": {
            "arn": "arn:aws:ec2:ap-northeast-2:164134553042:route-table/rtb-00c2bd9da6d96db1c",
            "id": "rtb-00c2bd9da6d96db1c",
            "owner_id": "164134553042",
            "propagating_vgws": [],
            "route": [
              {
                "carrier_gateway_id": "",
                "cidr_block": "0.0.0.0/0",
                "destination_prefix_list_id": "",
                "egress_only_gateway_id": "",
                "gateway_id": "nat-078268ba10999637a",
                "instance_id": "",
                "ipv6_cidr_block": "",
                "local_gateway_id": "",
                "nat_gateway_id": "",
                "network_interface_id": "",
                "transit_gateway_id": "",
                "vpc_endpoint_id": "",
                "vpc_peering_connection_id": ""
              }
            ],
            "tags": {
              "Name": "jhlee-natrt-pria"
            },
            "tags_all": {
              "Name": "jhlee-natrt-pria"
            },
            "timeouts": null,
            "vpc_id": "vpc-0e48595f369e48160"
          },
          "sensitive_attributes": [],
          "private": "eyJlMmJmYjczMC1lY2FhLTExZTYtOGY4OC0zNDM2M2JjN2M0YzAiOnsiY3JlYXRlIjoxMjAwMDAwMDAwMDAsImRlbGV0ZSI6MzAwMDAwMDAwMDAwLCJ1cGRhdGUiOjEyMDAwMDAwMDAwMH19",
          "dependencies": [
            "aws_nat_gateway.jhlee_ngw_pria",
            "aws_vpc.jhlee_vpc"
          ]
        }
      ]
    },
    {
      "mode": "managed",
      "type": "aws_route_table",
      "name": "jhlee_natrt_pric",
      "provider": "provider[\"registry.terraform.io/hashicorp/aws\"]",
      "instances": [
        {
          "schema_version": 0,
          "attributes": {
            "arn": "arn:aws:ec2:ap-northeast-2:164134553042:route-table/rtb-0faf18e45df126b4e",
            "id": "rtb-0faf18e45df126b4e",
            "owner_id": "164134553042",
            "propagating_vgws": [],
            "route": [
              {
                "carrier_gateway_id": "",
                "cidr_block": "0.0.0.0/0",
                "destination_prefix_list_id": "",
                "egress_only_gateway_id": "",
                "gateway_id": "nat-05f57feac157ed0af",
                "instance_id": "",
                "ipv6_cidr_block": "",
                "local_gateway_id": "",
                "nat_gateway_id": "",
                "network_interface_id": "",
                "transit_gateway_id": "",
                "vpc_endpoint_id": "",
                "vpc_peering_connection_id": ""
              }
            ],
            "tags": {
              "Name": "jhlee-natrt-pric"
            },
            "tags_all": {
              "Name": "jhlee-natrt-pric"
            },
            "timeouts": null,
            "vpc_id": "vpc-0e48595f369e48160"
          },
          "sensitive_attributes": [],
          "private": "eyJlMmJmYjczMC1lY2FhLTExZTYtOGY4OC0zNDM2M2JjN2M0YzAiOnsiY3JlYXRlIjoxMjAwMDAwMDAwMDAsImRlbGV0ZSI6MzAwMDAwMDAwMDAwLCJ1cGRhdGUiOjEyMDAwMDAwMDAwMH19",
          "dependencies": [
            "aws_nat_gateway.jhlee_ngw_pric",
            "aws_vpc.jhlee_vpc"
          ]
        }
      ]
    },
    {
      "mode": "managed",
      "type": "aws_route_table",
      "name": "jhlee_routingtable",
      "provider": "provider[\"registry.terraform.io/hashicorp/aws\"]",
      "instances": [
        {
          "schema_version": 0,
          "attributes": {
            "arn": "arn:aws:ec2:ap-northeast-2:164134553042:route-table/rtb-028a6da97f66e5e5c",
            "id": "rtb-028a6da97f66e5e5c",
            "owner_id": "164134553042",
            "propagating_vgws": [],
            "route": [
              {
                "carrier_gateway_id": "",
                "cidr_block": "0.0.0.0/0",
                "destination_prefix_list_id": "",
                "egress_only_gateway_id": "",
                "gateway_id": "igw-06390f44ee60018f6",
                "instance_id": "",
                "ipv6_cidr_block": "",
                "local_gateway_id": "",
                "nat_gateway_id": "",
                "network_interface_id": "",
                "transit_gateway_id": "",
                "vpc_endpoint_id": "",
                "vpc_peering_connection_id": ""
              }
            ],
            "tags": {
              "Name": "jhlee-public-routingtable"
            },
            "tags_all": {
              "Name": "jhlee-public-routingtable"
            },
            "timeouts": null,
            "vpc_id": "vpc-0e48595f369e48160"
          },
          "sensitive_attributes": [],
          "private": "eyJlMmJmYjczMC1lY2FhLTExZTYtOGY4OC0zNDM2M2JjN2M0YzAiOnsiY3JlYXRlIjoxMjAwMDAwMDAwMDAsImRlbGV0ZSI6MzAwMDAwMDAwMDAwLCJ1cGRhdGUiOjEyMDAwMDAwMDAwMH19",
          "dependencies": [
            "aws_internet_gateway.jhlee_ig",
            "aws_vpc.jhlee_vpc"
          ]
        }
      ]
    },
    {
      "mode": "managed",
      "type": "aws_route_table_association",
      "name": "jhlee_pria_as",
      "provider": "provider[\"registry.terraform.io/hashicorp/aws\"]",
      "instances": [
        {
          "schema_version": 0,
          "attributes": {
            "gateway_id": "",
            "id": "rtbassoc-07b195e87ae57c75a",
            "route_table_id": "rtb-00c2bd9da6d96db1c",
            "subnet_id": "subnet-0f37bffc3499a8aed"
          },
          "sensitive_attributes": [],
          "private": "bnVsbA==",
          "dependencies": [
            "aws_subnet.jhlee_puba",
            "aws_vpc.jhlee_vpc",
            "aws_eip.jhlee_eip1_pria",
            "aws_nat_gateway.jhlee_ngw_pria",
            "aws_route_table.jhlee_natrt_pria",
            "aws_subnet.jhlee_pria"
          ]
        }
      ]
    },
    {
      "mode": "managed",
      "type": "aws_route_table_association",
      "name": "jhlee_pric_as",
      "provider": "provider[\"registry.terraform.io/hashicorp/aws\"]",
      "instances": [
        {
          "schema_version": 0,
          "attributes": {
            "gateway_id": "",
            "id": "rtbassoc-06dfe26054c6ec53a",
            "route_table_id": "rtb-0faf18e45df126b4e",
            "subnet_id": "subnet-0d7cba323c11699df"
          },
          "sensitive_attributes": [],
          "private": "bnVsbA==",
          "dependencies": [
            "aws_eip.jhlee_eip1_pric",
            "aws_nat_gateway.jhlee_ngw_pric",
            "aws_route_table.jhlee_natrt_pric",
            "aws_subnet.jhlee_pric",
            "aws_subnet.jhlee_pubc",
            "aws_vpc.jhlee_vpc"
          ]
        }
      ]
    },
    {
      "mode": "managed",
      "type": "aws_route_table_association",
      "name": "jhlee_puba_as",
      "provider": "provider[\"registry.terraform.io/hashicorp/aws\"]",
      "instances": [
        {
          "schema_version": 0,
          "attributes": {
            "gateway_id": "",
            "id": "rtbassoc-0224183ff635724d2",
            "route_table_id": "rtb-028a6da97f66e5e5c",
            "subnet_id": "subnet-04acab39d6fbb37c3"
          },
          "sensitive_attributes": [],
          "private": "bnVsbA==",
          "dependencies": [
            "aws_internet_gateway.jhlee_ig",
            "aws_route_table.jhlee_routingtable",
            "aws_subnet.jhlee_puba",
            "aws_vpc.jhlee_vpc"
          ]
        }
      ]
    },
    {
      "mode": "managed",
      "type": "aws_route_table_association",
      "name": "jhlee_pubc_as",
      "provider": "provider[\"registry.terraform.io/hashicorp/aws\"]",
      "instances": [
        {
          "schema_version": 0,
          "attributes": {
            "gateway_id": "",
            "id": "rtbassoc-0122ac5dc57b24785",
            "route_table_id": "rtb-028a6da97f66e5e5c",
            "subnet_id": "subnet-06ab893ba4008480a"
          },
          "sensitive_attributes": [],
          "private": "bnVsbA==",
          "dependencies": [
            "aws_internet_gateway.jhlee_ig",
            "aws_route_table.jhlee_routingtable",
            "aws_subnet.jhlee_pubc",
            "aws_vpc.jhlee_vpc"
          ]
        }
      ]
    },
    {
      "mode": "managed",
      "type": "aws_security_group",
      "name": "jhlee_allow_http",
      "provider": "provider[\"registry.terraform.io/hashicorp/aws\"]",
      "instances": [
        {
          "schema_version": 1,
          "attributes": {
            "arn": "arn:aws:ec2:ap-northeast-2:164134553042:security-group/sg-0552468eab151b0b1",
            "description": "Allow http inbound traffic",
            "egress": [
              {
                "cidr_blocks": [
                  "0.0.0.0/0"
                ],
                "description": "http from VPC",
                "from_port": 0,
                "ipv6_cidr_blocks": [
                  "::/0"
                ],
                "prefix_list_ids": [],
                "protocol": "-1",
                "security_groups": [],
                "self": false,
                "to_port": 0
              }
            ],
            "id": "sg-0552468eab151b0b1",
            "ingress": [
              {
                "cidr_blocks": [
                  "0.0.0.0/0"
                ],
                "description": "http from VPC",
                "from_port": 80,
                "ipv6_cidr_blocks": [
                  "::/0"
                ],
                "prefix_list_ids": [],
                "protocol": "tcp",
                "security_groups": [],
                "self": false,
                "to_port": 80
              },
              {
                "cidr_blocks": [
                  "0.0.0.0/0"
                ],
                "description": "ssh from VPC",
                "from_port": 22,
                "ipv6_cidr_blocks": [
                  "::/0"
                ],
                "prefix_list_ids": [],
                "protocol": "tcp",
                "security_groups": [],
                "self": false,
                "to_port": 22
              }
            ],
            "name": "allow_http",
            "name_prefix": "",
            "owner_id": "164134553042",
            "revoke_rules_on_delete": false,
            "tags": {
              "Name": "jhlee-allow-http-ssh"
            },
            "tags_all": {
              "Name": "jhlee-allow-http-ssh"
            },
            "timeouts": null,
            "vpc_id": "vpc-0e48595f369e48160"
          },
          "sensitive_attributes": [],
          "private": "eyJlMmJmYjczMC1lY2FhLTExZTYtOGY4OC0zNDM2M2JjN2M0YzAiOnsiY3JlYXRlIjo2MDAwMDAwMDAwMDAsImRlbGV0ZSI6OTAwMDAwMDAwMDAwfSwic2NoZW1hX3ZlcnNpb24iOiIxIn0=",
          "dependencies": [
            "aws_vpc.jhlee_vpc"
          ]
        }
      ]
    },
    {
      "mode": "managed",
      "type": "aws_security_group",
      "name": "jhlee_allow_mysql",
      "provider": "provider[\"registry.terraform.io/hashicorp/aws\"]",
      "instances": [
        {
          "schema_version": 1,
          "attributes": {
            "arn": "arn:aws:ec2:ap-northeast-2:164134553042:security-group/sg-0f0334c01ddaae3f3",
            "description": "Allow mysql inbound traffic",
            "egress": [
              {
                "cidr_blocks": [
                  "0.0.0.0/0"
                ],
                "description": "default",
                "from_port": 0,
                "ipv6_cidr_blocks": [
                  "::/0"
                ],
                "prefix_list_ids": [],
                "protocol": "-1",
                "security_groups": [],
                "self": false,
                "to_port": 0
              }
            ],
            "id": "sg-0f0334c01ddaae3f3",
            "ingress": [
              {
                "cidr_blocks": [
                  "192.168.0.0/24"
                ],
                "description": "mysql from VPC",
                "from_port": 3306,
                "ipv6_cidr_blocks": [
                  "::/0"
                ],
                "prefix_list_ids": [],
                "protocol": "tcp",
                "security_groups": [],
                "self": false,
                "to_port": 3306
              }
            ],
            "name": "allow_mysql",
            "name_prefix": "",
            "owner_id": "164134553042",
            "revoke_rules_on_delete": false,
            "tags": {
              "Name": "jhlee-allow-rds"
            },
            "tags_all": {
              "Name": "jhlee-allow-rds"
            },
            "timeouts": null,
            "vpc_id": "vpc-0e48595f369e48160"
          },
          "sensitive_attributes": [],
          "private": "eyJlMmJmYjczMC1lY2FhLTExZTYtOGY4OC0zNDM2M2JjN2M0YzAiOnsiY3JlYXRlIjo2MDAwMDAwMDAwMDAsImRlbGV0ZSI6OTAwMDAwMDAwMDAwfSwic2NoZW1hX3ZlcnNpb24iOiIxIn0=",
          "dependencies": [
            "aws_subnet.jhlee_puba",
            "aws_vpc.jhlee_vpc"
          ]
        }
      ]
    },
    {
      "mode": "managed",
      "type": "aws_subnet",
      "name": "jhlee_pria",
      "provider": "provider[\"registry.terraform.io/hashicorp/aws\"]",
      "instances": [
        {
          "schema_version": 1,
          "attributes": {
            "arn": "arn:aws:ec2:ap-northeast-2:164134553042:subnet/subnet-0f37bffc3499a8aed",
            "assign_ipv6_address_on_creation": false,
            "availability_zone": "ap-northeast-2a",
            "availability_zone_id": "apne2-az1",
            "cidr_block": "192.168.1.0/24",
            "customer_owned_ipv4_pool": "",
            "id": "subnet-0f37bffc3499a8aed",
            "ipv6_cidr_block": "",
            "ipv6_cidr_block_association_id": "",
            "map_customer_owned_ip_on_launch": false,
            "map_public_ip_on_launch": false,
            "outpost_arn": "",
            "owner_id": "164134553042",
            "tags": {
              "Name": "pri-a"
            },
            "tags_all": {
              "Name": "pri-a"
            },
            "timeouts": null,
            "vpc_id": "vpc-0e48595f369e48160"
          },
          "sensitive_attributes": [],
          "private": "eyJlMmJmYjczMC1lY2FhLTExZTYtOGY4OC0zNDM2M2JjN2M0YzAiOnsiY3JlYXRlIjo2MDAwMDAwMDAwMDAsImRlbGV0ZSI6MTIwMDAwMDAwMDAwMH0sInNjaGVtYV92ZXJzaW9uIjoiMSJ9",
          "dependencies": [
            "aws_vpc.jhlee_vpc"
          ]
        }
      ]
    },
    {
      "mode": "managed",
      "type": "aws_subnet",
      "name": "jhlee_pric",
      "provider": "provider[\"registry.terraform.io/hashicorp/aws\"]",
      "instances": [
        {
          "schema_version": 1,
          "attributes": {
            "arn": "arn:aws:ec2:ap-northeast-2:164134553042:subnet/subnet-0d7cba323c11699df",
            "assign_ipv6_address_on_creation": false,
            "availability_zone": "ap-northeast-2c",
            "availability_zone_id": "apne2-az3",
            "cidr_block": "192.168.3.0/24",
            "customer_owned_ipv4_pool": "",
            "id": "subnet-0d7cba323c11699df",
            "ipv6_cidr_block": "",
            "ipv6_cidr_block_association_id": "",
            "map_customer_owned_ip_on_launch": false,
            "map_public_ip_on_launch": false,
            "outpost_arn": "",
            "owner_id": "164134553042",
            "tags": {
              "Name": "pri-c"
            },
            "tags_all": {
              "Name": "pri-c"
            },
            "timeouts": null,
            "vpc_id": "vpc-0e48595f369e48160"
          },
          "sensitive_attributes": [],
          "private": "eyJlMmJmYjczMC1lY2FhLTExZTYtOGY4OC0zNDM2M2JjN2M0YzAiOnsiY3JlYXRlIjo2MDAwMDAwMDAwMDAsImRlbGV0ZSI6MTIwMDAwMDAwMDAwMH0sInNjaGVtYV92ZXJzaW9uIjoiMSJ9",
          "dependencies": [
            "aws_vpc.jhlee_vpc"
          ]
        }
      ]
    },
    {
      "mode": "managed",
      "type": "aws_subnet",
      "name": "jhlee_puba",
      "provider": "provider[\"registry.terraform.io/hashicorp/aws\"]",
      "instances": [
        {
          "schema_version": 1,
          "attributes": {
            "arn": "arn:aws:ec2:ap-northeast-2:164134553042:subnet/subnet-04acab39d6fbb37c3",
            "assign_ipv6_address_on_creation": false,
            "availability_zone": "ap-northeast-2a",
            "availability_zone_id": "apne2-az1",
            "cidr_block": "192.168.0.0/24",
            "customer_owned_ipv4_pool": "",
            "id": "subnet-04acab39d6fbb37c3",
            "ipv6_cidr_block": "",
            "ipv6_cidr_block_association_id": "",
            "map_customer_owned_ip_on_launch": false,
            "map_public_ip_on_launch": false,
            "outpost_arn": "",
            "owner_id": "164134553042",
            "tags": {
              "Name": "pub-a"
            },
            "tags_all": {
              "Name": "pub-a"
            },
            "timeouts": null,
            "vpc_id": "vpc-0e48595f369e48160"
          },
          "sensitive_attributes": [],
          "private": "eyJlMmJmYjczMC1lY2FhLTExZTYtOGY4OC0zNDM2M2JjN2M0YzAiOnsiY3JlYXRlIjo2MDAwMDAwMDAwMDAsImRlbGV0ZSI6MTIwMDAwMDAwMDAwMH0sInNjaGVtYV92ZXJzaW9uIjoiMSJ9",
          "dependencies": [
            "aws_vpc.jhlee_vpc"
          ]
        }
      ]
    },
    {
      "mode": "managed",
      "type": "aws_subnet",
      "name": "jhlee_pubc",
      "provider": "provider[\"registry.terraform.io/hashicorp/aws\"]",
      "instances": [
        {
          "schema_version": 1,
          "attributes": {
            "arn": "arn:aws:ec2:ap-northeast-2:164134553042:subnet/subnet-06ab893ba4008480a",
            "assign_ipv6_address_on_creation": false,
            "availability_zone": "ap-northeast-2c",
            "availability_zone_id": "apne2-az3",
            "cidr_block": "192.168.2.0/24",
            "customer_owned_ipv4_pool": "",
            "id": "subnet-06ab893ba4008480a",
            "ipv6_cidr_block": "",
            "ipv6_cidr_block_association_id": "",
            "map_customer_owned_ip_on_launch": false,
            "map_public_ip_on_launch": false,
            "outpost_arn": "",
            "owner_id": "164134553042",
            "tags": {
              "Name": "pub-c"
            },
            "tags_all": {
              "Name": "pub-c"
            },
            "timeouts": null,
            "vpc_id": "vpc-0e48595f369e48160"
          },
          "sensitive_attributes": [],
          "private": "eyJlMmJmYjczMC1lY2FhLTExZTYtOGY4OC0zNDM2M2JjN2M0YzAiOnsiY3JlYXRlIjo2MDAwMDAwMDAwMDAsImRlbGV0ZSI6MTIwMDAwMDAwMDAwMH0sInNjaGVtYV92ZXJzaW9uIjoiMSJ9",
          "dependencies": [
            "aws_vpc.jhlee_vpc"
          ]
        }
      ]
    },
    {
      "mode": "managed",
      "type": "aws_vpc",
      "name": "jhlee_vpc",
      "provider": "provider[\"registry.terraform.io/hashicorp/aws\"]",
      "instances": [
        {
          "schema_version": 1,
          "attributes": {
            "arn": "arn:aws:ec2:ap-northeast-2:164134553042:vpc/vpc-0e48595f369e48160",
            "assign_generated_ipv6_cidr_block": false,
            "cidr_block": "192.168.0.0/16",
            "default_network_acl_id": "acl-0b5adc98fcf9c5f63",
            "default_route_table_id": "rtb-020c3f3d3ed024e8b",
            "default_security_group_id": "sg-0f5a5c45a3a1e02c5",
            "dhcp_options_id": "dopt-04597232ccea9824e",
            "enable_classiclink": null,
            "enable_classiclink_dns_support": null,
            "enable_dns_hostnames": false,
            "enable_dns_support": true,
            "id": "vpc-0e48595f369e48160",
            "instance_tenancy": "default",
            "ipv6_association_id": "",
            "ipv6_cidr_block": "",
            "main_route_table_id": "rtb-020c3f3d3ed024e8b",
            "owner_id": "164134553042",
            "tags": {
              "Name": "jhlee_vpc"
            },
            "tags_all": {
              "Name": "jhlee_vpc"
            }
          },
          "sensitive_attributes": [],
          "private": "eyJzY2hlbWFfdmVyc2lvbiI6IjEifQ=="
        }
      ]
    }
  ]
}
